
Microsoft Visual Studio Solution File, Format Version 12.00
# Visual Studio Version 16
VisualStudioVersion = 16.0.31019.35
MinimumVisualStudioVersion = 10.0.40219.1
Project("{FAE04EC0-301F-11D3-BF4B-00C04F79EFBC}") = "SnakeAndLadderDiceRoll", "SnakeAndLadderDiceRoll\SnakeAndLadderDiceRoll.csproj", "{685F1BAC-3089-4A79-B267-2667D63B7D0B}"
EndProject
Global
	GlobalSection(SolutionConfigurationPlatforms) = preSolution
		Debug|Any CPU = Debug|Any CPU
		Release|Any CPU = Release|Any CPU
	EndGlobalSection
	GlobalSection(ProjectConfigurationPlatforms) = postSolution
		{685F1BAC-3089-4A79-B267-2667D63B7D0B}.Debug|Any CPU.ActiveCfg = Debug|Any CPU
		{685F1BAC-3089-4A79-B267-2667D63B7D0B}.Debug|Any CPU.Build.0 = Debug|Any CPU
		{685F1BAC-3089-4A79-B267-2667D63B7D0B}.Release|Any CPU.ActiveCfg = Release|Any CPU
		{685F1BAC-3089-4A79-B267-2667D63B7D0B}.Release|Any CPU.Build.0 = Release|Any CPU
	EndGlobalSection
	GlobalSection(SolutionProperties) = preSolution
		HideSolutionNode = FALSE
	EndGlobalSection
	GlobalSection(ExtensibilityGlobals) = postSolution
		SolutionGuid = {911A471D-37A2-4914-B08C-B1E935D4A867}
	EndGlobalSection
EndGlobal
