
Microsoft Visual Studio Solution File, Format Version 12.00
# Visual Studio Version 16
VisualStudioVersion = 16.0.31019.35
MinimumVisualStudioVersion = 10.0.40219.1
Project("{FAE04EC0-301F-11D3-BF4B-00C04F79EFBC}") = "SnakeAndLadderNoPlay", "SnakeAndLadderNoPlay\SnakeAndLadderNoPlay.csproj", "{3104B8CE-F19D-4083-9691-C536F2C4D845}"
EndProject
Global
	GlobalSection(SolutionConfigurationPlatforms) = preSolution
		Debug|Any CPU = Debug|Any CPU
		Release|Any CPU = Release|Any CPU
	EndGlobalSection
	GlobalSection(ProjectConfigurationPlatforms) = postSolution
		{3104B8CE-F19D-4083-9691-C536F2C4D845}.Debug|Any CPU.ActiveCfg = Debug|Any CPU
		{3104B8CE-F19D-4083-9691-C536F2C4D845}.Debug|Any CPU.Build.0 = Debug|Any CPU
		{3104B8CE-F19D-4083-9691-C536F2C4D845}.Release|Any CPU.ActiveCfg = Release|Any CPU
		{3104B8CE-F19D-4083-9691-C536F2C4D845}.Release|Any CPU.Build.0 = Release|Any CPU
	EndGlobalSection
	GlobalSection(SolutionProperties) = preSolution
		HideSolutionNode = FALSE
	EndGlobalSection
	GlobalSection(ExtensibilityGlobals) = postSolution
		SolutionGuid = {E4B13821-B02D-45F5-950D-D6EC38F42F77}
	EndGlobalSection
EndGlobal
